// !$*UTF8*$!
{
	archiveVersion = 1;
	classes = {
	};
	objectVersion = 50;
	objects = {

/* Begin PBXBuildFile section */
		94D61FED240AA8F1002FCB1E /* main.cpp in Sources */ = {isa = PBXBuildFile; fileRef = 94D61FEC240AA8F1002FCB1E /* main.cpp */; };
		94D61FF9240AA99D002FCB1E /* libsfml-system.2.5.1.dylib in Frameworks */ = {isa = PBXBuildFile; fileRef = 94D61FF4240AA99D002FCB1E /* libsfml-system.2.5.1.dylib */; };
		94D61FFA240AA99D002FCB1E /* libsfml-window.2.5.1.dylib in Frameworks */ = {isa = PBXBuildFile; fileRef = 94D61FF5240AA99D002FCB1E /* libsfml-window.2.5.1.dylib */; };
		94D61FFB240AA99D002FCB1E /* libsfml-audio.2.5.1.dylib in Frameworks */ = {isa = PBXBuildFile; fileRef = 94D61FF6240AA99D002FCB1E /* libsfml-audio.2.5.1.dylib */; };
		94D61FFC240AA99D002FCB1E /* libsfml-graphics.2.5.1.dylib in Frameworks */ = {isa = PBXBuildFile; fileRef = 94D61FF7240AA99D002FCB1E /* libsfml-graphics.2.5.1.dylib */; };
		94D61FFD240AA99D002FCB1E /* libsfml-network.2.5.1.dylib in Frameworks */ = {isa = PBXBuildFile; fileRef = 94D61FF8240AA99D002FCB1E /* libsfml-network.2.5.1.dylib */; };
/* End PBXBuildFile section */

/* Begin PBXCopyFilesBuildPhase section */
		94D61FE7240AA8F1002FCB1E /* CopyFiles */ = {
			isa = PBXCopyFilesBuildPhase;
			buildActionMask = 2147483647;
			dstPath = /usr/share/man/man1/;
			dstSubfolderSpec = 0;
			files = (
			);
			runOnlyForDeploymentPostprocessing = 1;
		};
/* End PBXCopyFilesBuildPhase section */

/* Begin PBXFileReference section */
		94D61FE9240AA8F1002FCB1E /* platformer_controls */ = {isa = PBXFileReference; explicitFileType = "compiled.mach-o.executable"; includeInIndex = 0; path = platformer_controls; sourceTree = BUILT_PRODUCTS_DIR; };
		94D61FEC240AA8F1002FCB1E /* main.cpp */ = {isa = PBXFileReference; lastKnownFileType = sourcecode.cpp.cpp; path = main.cpp; sourceTree = "<group>"; };
		94D61FF4240AA99D002FCB1E /* libsfml-system.2.5.1.dylib */ = {isa = PBXFileReference; lastKnownFileType = "compiled.mach-o.dylib"; name = "libsfml-system.2.5.1.dylib"; path = "extlib/SFML/lib/libsfml-system.2.5.1.dylib"; sourceTree = "<group>"; };
		94D61FF5240AA99D002FCB1E /* libsfml-window.2.5.1.dylib */ = {isa = PBXFileReference; lastKnownFileType = "compiled.mach-o.dylib"; name = "libsfml-window.2.5.1.dylib"; path = "extlib/SFML/lib/libsfml-window.2.5.1.dylib"; sourceTree = "<group>"; };
		94D61FF6240AA99D002FCB1E /* libsfml-audio.2.5.1.dylib */ = {isa = PBXFileReference; lastKnownFileType = "compiled.mach-o.dylib"; name = "libsfml-audio.2.5.1.dylib"; path = "extlib/SFML/lib/libsfml-audio.2.5.1.dylib"; sourceTree = "<group>"; };
		94D61FF7240AA99D002FCB1E /* libsfml-graphics.2.5.1.dylib */ = {isa = PBXFileReference; lastKnownFileType = "compiled.mach-o.dylib"; name = "libsfml-graphics.2.5.1.dylib"; path = "extlib/SFML/lib/libsfml-graphics.2.5.1.dylib"; sourceTree = "<group>"; };
		94D61FF8240AA99D002FCB1E /* libsfml-network.2.5.1.dylib */ = {isa = PBXFileReference; lastKnownFileType = "compiled.mach-o.dylib"; name = "libsfml-network.2.5.1.dylib"; path = "extlib/SFML/lib/libsfml-network.2.5.1.dylib"; sourceTree = "<group>"; };
/* End PBXFileReference section */

/* Begin PBXFrameworksBuildPhase section */
		94D61FE6240AA8F1002FCB1E /* Frameworks */ = {
			isa = PBXFrameworksBuildPhase;
			buildActionMask = 2147483647;
			files = (
				94D61FFB240AA99D002FCB1E /* libsfml-audio.2.5.1.dylib in Frameworks */,
				94D61FFC240AA99D002FCB1E /* libsfml-graphics.2.5.1.dylib in Frameworks */,
				94D61FF9240AA99D002FCB1E /* libsfml-system.2.5.1.dylib in Frameworks */,
				94D61FFD240AA99D002FCB1E /* libsfml-network.2.5.1.dylib in Frameworks */,
				94D61FFA240AA99D002FCB1E /* libsfml-window.2.5.1.dylib in Frameworks */,
			);
			runOnlyForDeploymentPostprocessing = 0;
		};
/* End PBXFrameworksBuildPhase section */

/* Begin PBXGroup section */
		94D61FE0240AA8F1002FCB1E = {
			isa = PBXGroup;
			children = (
				94D61FEB240AA8F1002FCB1E /* platformer_controls */,
				94D61FEA240AA8F1002FCB1E /* Products */,
				94D61FF3240AA99D002FCB1E /* Frameworks */,
			);
			sourceTree = "<group>";
		};
		94D61FEA240AA8F1002FCB1E /* Products */ = {
			isa = PBXGroup;
			children = (
				94D61FE9240AA8F1002FCB1E /* platformer_controls */,
			);
			name = Products;
			sourceTree = "<group>";
		};
		94D61FEB240AA8F1002FCB1E /* platformer_controls */ = {
			isa = PBXGroup;
			children = (
				94D61FEC240AA8F1002FCB1E /* main.cpp */,
			);
			path = platformer_controls;
			sourceTree = "<group>";
		};
		94D61FF3240AA99D002FCB1E /* Frameworks */ = {
			isa = PBXGroup;
			children = (
				94D61FF6240AA99D002FCB1E /* libsfml-audio.2.5.1.dylib */,
				94D61FF7240AA99D002FCB1E /* libsfml-graphics.2.5.1.dylib */,
				94D61FF8240AA99D002FCB1E /* libsfml-network.2.5.1.dylib */,
				94D61FF4240AA99D002FCB1E /* libsfml-system.2.5.1.dylib */,
				94D61FF5240AA99D002FCB1E /* libsfml-window.2.5.1.dylib */,
			);
			name = Frameworks;
			sourceTree = "<group>";
		};
/* End PBXGroup section */

/* Begin PBXNativeTarget section */
		94D61FE8240AA8F1002FCB1E /* platformer_controls */ = {
			isa = PBXNativeTarget;
			buildConfigurationList = 94D61FF0240AA8F1002FCB1E /* Build configuration list for PBXNativeTarget "platformer_controls" */;
			buildPhases = (
				94D61FE5240AA8F1002FCB1E /* Sources */,
				94D61FE6240AA8F1002FCB1E /* Frameworks */,
				94D61FE7240AA8F1002FCB1E /* CopyFiles */,
			);
			buildRules = (
			);
			dependencies = (
			);
			name = platformer_controls;
			productName = platformer_controls;
			productReference = 94D61FE9240AA8F1002FCB1E /* platformer_controls */;
			productType = "com.apple.product-type.tool";
		};
/* End PBXNativeTarget section */

/* Begin PBXProject section */
		94D61FE1240AA8F1002FCB1E /* Project object */ = {
			isa = PBXProject;
			attributes = {
				LastUpgradeCheck = 1100;
				ORGANIZATIONNAME = "Meg Tuason";
				TargetAttributes = {
					94D61FE8240AA8F1002FCB1E = {
						CreatedOnToolsVersion = 11.0;
					};
				};
			};
			buildConfigurationList = 94D61FE4240AA8F1002FCB1E /* Build configuration list for PBXProject "platformer_controls" */;
			compatibilityVersion = "Xcode 9.3";
			developmentRegion = en;
			hasScannedForEncodings = 0;
			knownRegions = (
				en,
				Base,
			);
			mainGroup = 94D61FE0240AA8F1002FCB1E;
			productRefGroup = 94D61FEA240AA8F1002FCB1E /* Products */;
			projectDirPath = "";
			projectRoot = "";
			targets = (
				94D61FE8240AA8F1002FCB1E /* platformer_controls */,
			);
		};
/* End PBXProject section */

/* Begin PBXSourcesBuildPhase section */
		94D61FE5240AA8F1002FCB1E /* Sources */ = {
			isa = PBXSourcesBuildPhase;
			buildActionMask = 2147483647;
			files = (
				94D61FED240AA8F1002FCB1E /* main.cpp in Sources */,
			);
			runOnlyForDeploymentPostprocessing = 0;
		};
/* End PBXSourcesBuildPhase section */

/* Begin XCBuildConfiguration section */
		94D61FEE240AA8F1002FCB1E /* Debug */ = {
			isa = XCBuildConfiguration;
			buildSettings = {
				ALWAYS_SEARCH_USER_PATHS = NO;
				CLANG_ANALYZER_NONNULL = YES;
				CLANG_ANALYZER_NUMBER_OBJECT_CONVERSION = YES_AGGRESSIVE;
				CLANG_CXX_LANGUAGE_STANDARD = "gnu++14";
				CLANG_CXX_LIBRARY = "libc++";
				CLANG_ENABLE_MODULES = YES;
				CLANG_ENABLE_OBJC_ARC = YES;
				CLANG_ENABLE_OBJC_WEAK = YES;
				CLANG_WARN_BLOCK_CAPTURE_AUTORELEASING = YES;
				CLANG_WARN_BOOL_CONVERSION = YES;
				CLANG_WARN_COMMA = YES;
				CLANG_WARN_CONSTANT_CONVERSION = YES;
				CLANG_WARN_DEPRECATED_OBJC_IMPLEMENTATIONS = YES;
				CLANG_WARN_DIRECT_OBJC_ISA_USAGE = YES_ERROR;
				CLANG_WARN_DOCUMENTATION_COMMENTS = YES;
				CLANG_WARN_EMPTY_BODY = YES;
				CLANG_WARN_ENUM_CONVERSION = YES;
				CLANG_WARN_INFINITE_RECURSION = YES;
				CLANG_WARN_INT_CONVERSION = YES;
				CLANG_WARN_NON_LITERAL_NULL_CONVERSION = YES;
				CLANG_WARN_OBJC_IMPLICIT_RETAIN_SELF = YES;
				CLANG_WARN_OBJC_LITERAL_CONVERSION = YES;
				CLANG_WARN_OBJC_ROOT_CLASS = YES_ERROR;
				CLANG_WARN_RANGE_LOOP_ANALYSIS = YES;
				CLANG_WARN_STRICT_PROTOTYPES = YES;
				CLANG_WARN_SUSPICIOUS_MOVE = YES;
				CLANG_WARN_UNGUARDED_AVAILABILITY = YES_AGGRESSIVE;
				CLANG_WARN_UNREACHABLE_CODE = YES;
				CLANG_WARN__DUPLICATE_METHOD_MATCH = YES;
				COPY_PHASE_STRIP = NO;
				DEBUG_INFORMATION_FORMAT = dwarf;
				ENABLE_STRICT_OBJC_MSGSEND = YES;
				ENABLE_TESTABILITY = YES;
				GCC_C_LANGUAGE_STANDARD = gnu11;
				GCC_DYNAMIC_NO_PIC = NO;
				GCC_NO_COMMON_BLOCKS = YES;
				GCC_OPTIMIZATION_LEVEL = 0;
				GCC_PREPROCESSOR_DEFINITIONS = (
					"DEBUG=1",
					"$(inherited)",
				);
				GCC_WARN_64_TO_32_BIT_CONVERSION = YES;
				GCC_WARN_ABOUT_RETURN_TYPE = YES_ERROR;
				GCC_WARN_UNDECLARED_SELECTOR = YES;
				GCC_WARN_UNINITIALIZED_AUTOS = YES_AGGRESSIVE;
				GCC_WARN_UNUSED_FUNCTION = YES;
				GCC_WARN_UNUSED_VARIABLE = YES;
				MACOSX_DEPLOYMENT_TARGET = 10.14;
				MTL_ENABLE_DEBUG_INFO = INCLUDE_SOURCE;
				MTL_FAST_MATH = YES;
				ONLY_ACTIVE_ARCH = YES;
				SDKROOT = macosx;
			};
			name = Debug;
		};
		94D61FEF240AA8F1002FCB1E /* Release */ = {
			isa = XCBuildConfiguration;
			buildSettings = {
				ALWAYS_SEARCH_USER_PATHS = NO;
				CLANG_ANALYZER_NONNULL = YES;
				CLANG_ANALYZER_NUMBER_OBJECT_CONVERSION = YES_AGGRESSIVE;
				CLANG_CXX_LANGUAGE_STANDARD = "gnu++14";
				CLANG_CXX_LIBRARY = "libc++";
				CLANG_ENABLE_MODULES = YES;
				CLANG_ENABLE_OBJC_ARC = YES;
				CLANG_ENABLE_OBJC_WEAK = YES;
				CLANG_WARN_BLOCK_CAPTURE_AUTORELEASING = YES;
				CLANG_WARN_BOOL_CONVERSION = YES;
				CLANG_WARN_COMMA = YES;
				CLANG_WARN_CONSTANT_CONVERSION = YES;
				CLANG_WARN_DEPRECATED_OBJC_IMPLEMENTATIONS = YES;
				CLANG_WARN_DIRECT_OBJC_ISA_USAGE = YES_ERROR;
				CLANG_WARN_DOCUMENTATION_COMMENTS = YES;
				CLANG_WARN_EMPTY_BODY = YES;
				CLANG_WARN_ENUM_CONVERSION = YES;
				CLANG_WARN_INFINITE_RECURSION = YES;
				CLANG_WARN_INT_CONVERSION = YES;
				CLANG_WARN_NON_LITERAL_NULL_CONVERSION = YES;
				CLANG_WARN_OBJC_IMPLICIT_RETAIN_SELF = YES;
				CLANG_WARN_OBJC_LITERAL_CONVERSION = YES;
				CLANG_WARN_OBJC_ROOT_CLASS = YES_ERROR;
				CLANG_WARN_RANGE_LOOP_ANALYSIS = YES;
				CLANG_WARN_STRICT_PROTOTYPES = YES;
				CLANG_WARN_SUSPICIOUS_MOVE = YES;
				CLANG_WARN_UNGUARDED_AVAILABILITY = YES_AGGRESSIVE;
				CLANG_WARN_UNREACHABLE_CODE = YES;
				CLANG_WARN__DUPLICATE_METHOD_MATCH = YES;
				COPY_PHASE_STRIP = NO;
				DEBUG_INFORMATION_FORMAT = "dwarf-with-dsym";
				ENABLE_NS_ASSERTIONS = NO;
				ENABLE_STRICT_OBJC_MSGSEND = YES;
				GCC_C_LANGUAGE_STANDARD = gnu11;
				GCC_NO_COMMON_BLOCKS = YES;
				GCC_WARN_64_TO_32_BIT_CONVERSION = YES;
				GCC_WARN_ABOUT_RETURN_TYPE = YES_ERROR;
				GCC_WARN_UNDECLARED_SELECTOR = YES;
				GCC_WARN_UNINITIALIZED_AUTOS = YES_AGGRESSIVE;
				GCC_WARN_UNUSED_FUNCTION = YES;
				GCC_WARN_UNUSED_VARIABLE = YES;
				MACOSX_DEPLOYMENT_TARGET = 10.14;
				MTL_ENABLE_DEBUG_INFO = NO;
				MTL_FAST_MATH = YES;
				SDKROOT = macosx;
			};
			name = Release;
		};
		94D61FF1240AA8F1002FCB1E /* Debug */ = {
			isa = XCBuildConfiguration;
			buildSettings = {
				CODE_SIGN_STYLE = Automatic;
				HEADER_SEARCH_PATHS = (
					"${SRCROOT}/extlib/SFML/include",
					/usr/local/sfml/cellar/sfml/2.5.1/include,
				);
				LIBRARY_SEARCH_PATHS = (
					"$(inherited)",
					"$(PROJECT_DIR)/extlib/SFML/lib",
				);
				PRODUCT_NAME = "$(TARGET_NAME)";
			};
			name = Debug;
		};
		94D61FF2240AA8F1002FCB1E /* Release */ = {
			isa = XCBuildConfiguration;
			buildSettings = {
				CODE_SIGN_STYLE = Automatic;
				HEADER_SEARCH_PATHS = (
					"${SRCROOT}/extlib/SFML/include",
					/usr/local/sfml/cellar/sfml/2.5.1/include,
				);
				LIBRARY_SEARCH_PATHS = (
					"$(inherited)",
					"$(PROJECT_DIR)/extlib/SFML/lib",
				);
				PRODUCT_NAME = "$(TARGET_NAME)";
			};
			name = Release;
		};
/* End XCBuildConfiguration section */

/* Begin XCConfigurationList section */
		94D61FE4240AA8F1002FCB1E /* Build configuration list for PBXProject "platformer_controls" */ = {
			isa = XCConfigurationList;
			buildConfigurations = (
				94D61FEE240AA8F1002FCB1E /* Debug */,
				94D61FEF240AA8F1002FCB1E /* Release */,
			);
			defaultConfigurationIsVisible = 0;
			defaultConfigurationName = Release;
		};
		94D61FF0240AA8F1002FCB1E /* Build configuration list for PBXNativeTarget "platformer_controls" */ = {
			isa = XCConfigurationList;
			buildConfigurations = (
				94D61FF1240AA8F1002FCB1E /* Debug */,
				94D61FF2240AA8F1002FCB1E /* Release */,
			);
			defaultConfigurationIsVisible = 0;
			defaultConfigurationName = Release;
		};
/* End XCConfigurationList section */
	};
	rootObject = 94D61FE1240AA8F1002FCB1E /* Project object */;
}
