// !$*UTF8*$!
{
	archiveVersion = 1;
	classes = {
	};
	objectVersion = 50;
	objects = {

/* Begin PBXBuildFile section */
		9469D99523E13C6D00B4CEDE /* main.cpp in Sources */ = {isa = PBXBuildFile; fileRef = 9469D99423E13C6D00B4CEDE /* main.cpp */; };
		947879EF23E2CAB40071D002 /* libsfml-audio.2.5.1.dylib in Frameworks */ = {isa = PBXBuildFile; fileRef = 947879EB23E2CAB40071D002 /* libsfml-audio.2.5.1.dylib */; };
		947879F023E2CAB40071D002 /* libsfml-graphics.2.5.1.dylib in Frameworks */ = {isa = PBXBuildFile; fileRef = 947879EC23E2CAB40071D002 /* libsfml-graphics.2.5.1.dylib */; };
		947879F123E2CAB50071D002 /* libsfml-system.2.5.1.dylib in Frameworks */ = {isa = PBXBuildFile; fileRef = 947879ED23E2CAB40071D002 /* libsfml-system.2.5.1.dylib */; };
		947879F223E2CAB50071D002 /* libsfml-network.2.5.1.dylib in Frameworks */ = {isa = PBXBuildFile; fileRef = 947879EE23E2CAB40071D002 /* libsfml-network.2.5.1.dylib */; };
		947879F423E2CACF0071D002 /* libsfml-window.2.5.1.dylib in Frameworks */ = {isa = PBXBuildFile; fileRef = 947879F323E2CACF0071D002 /* libsfml-window.2.5.1.dylib */; };
/* End PBXBuildFile section */

/* Begin PBXCopyFilesBuildPhase section */
		9469D98F23E13C6D00B4CEDE /* CopyFiles */ = {
			isa = PBXCopyFilesBuildPhase;
			buildActionMask = 2147483647;
			dstPath = /usr/share/man/man1/;
			dstSubfolderSpec = 0;
			files = (
			);
			runOnlyForDeploymentPostprocessing = 1;
		};
/* End PBXCopyFilesBuildPhase section */

/* Begin PBXFileReference section */
		9469D99123E13C6D00B4CEDE /* luk-pong */ = {isa = PBXFileReference; explicitFileType = "compiled.mach-o.executable"; includeInIndex = 0; path = "luk-pong"; sourceTree = BUILT_PRODUCTS_DIR; };
		9469D99423E13C6D00B4CEDE /* main.cpp */ = {isa = PBXFileReference; lastKnownFileType = sourcecode.cpp.cpp; path = main.cpp; sourceTree = "<group>"; };
		947879EB23E2CAB40071D002 /* libsfml-audio.2.5.1.dylib */ = {isa = PBXFileReference; lastKnownFileType = "compiled.mach-o.dylib"; name = "libsfml-audio.2.5.1.dylib"; path = "extlib/SFML/lib/libsfml-audio.2.5.1.dylib"; sourceTree = "<group>"; };
		947879EC23E2CAB40071D002 /* libsfml-graphics.2.5.1.dylib */ = {isa = PBXFileReference; lastKnownFileType = "compiled.mach-o.dylib"; name = "libsfml-graphics.2.5.1.dylib"; path = "extlib/SFML/lib/libsfml-graphics.2.5.1.dylib"; sourceTree = "<group>"; };
		947879ED23E2CAB40071D002 /* libsfml-system.2.5.1.dylib */ = {isa = PBXFileReference; lastKnownFileType = "compiled.mach-o.dylib"; name = "libsfml-system.2.5.1.dylib"; path = "extlib/SFML/lib/libsfml-system.2.5.1.dylib"; sourceTree = "<group>"; };
		947879EE23E2CAB40071D002 /* libsfml-network.2.5.1.dylib */ = {isa = PBXFileReference; lastKnownFileType = "compiled.mach-o.dylib"; name = "libsfml-network.2.5.1.dylib"; path = "extlib/SFML/lib/libsfml-network.2.5.1.dylib"; sourceTree = "<group>"; };
		947879F323E2CACF0071D002 /* libsfml-window.2.5.1.dylib */ = {isa = PBXFileReference; lastKnownFileType = "compiled.mach-o.dylib"; name = "libsfml-window.2.5.1.dylib"; path = "extlib/SFML/lib/libsfml-window.2.5.1.dylib"; sourceTree = "<group>"; };
/* End PBXFileReference section */

/* Begin PBXFrameworksBuildPhase section */
		9469D98E23E13C6D00B4CEDE /* Frameworks */ = {
			isa = PBXFrameworksBuildPhase;
			buildActionMask = 2147483647;
			files = (
				947879F423E2CACF0071D002 /* libsfml-window.2.5.1.dylib in Frameworks */,
				947879EF23E2CAB40071D002 /* libsfml-audio.2.5.1.dylib in Frameworks */,
				947879F023E2CAB40071D002 /* libsfml-graphics.2.5.1.dylib in Frameworks */,
				947879F123E2CAB50071D002 /* libsfml-system.2.5.1.dylib in Frameworks */,
				947879F223E2CAB50071D002 /* libsfml-network.2.5.1.dylib in Frameworks */,
			);
			runOnlyForDeploymentPostprocessing = 0;
		};
/* End PBXFrameworksBuildPhase section */

/* Begin PBXGroup section */
		9469D98823E13C6D00B4CEDE = {
			isa = PBXGroup;
			children = (
				9469D99323E13C6D00B4CEDE /* luk-pong */,
				9469D99223E13C6D00B4CEDE /* Products */,
				947879EA23E2CAB40071D002 /* Frameworks */,
			);
			sourceTree = "<group>";
		};
		9469D99223E13C6D00B4CEDE /* Products */ = {
			isa = PBXGroup;
			children = (
				9469D99123E13C6D00B4CEDE /* luk-pong */,
			);
			name = Products;
			sourceTree = "<group>";
		};
		9469D99323E13C6D00B4CEDE /* luk-pong */ = {
			isa = PBXGroup;
			children = (
				9469D99423E13C6D00B4CEDE /* main.cpp */,
			);
			path = "luk-pong";
			sourceTree = "<group>";
		};
		947879EA23E2CAB40071D002 /* Frameworks */ = {
			isa = PBXGroup;
			children = (
				947879F323E2CACF0071D002 /* libsfml-window.2.5.1.dylib */,
				947879EB23E2CAB40071D002 /* libsfml-audio.2.5.1.dylib */,
				947879EC23E2CAB40071D002 /* libsfml-graphics.2.5.1.dylib */,
				947879EE23E2CAB40071D002 /* libsfml-network.2.5.1.dylib */,
				947879ED23E2CAB40071D002 /* libsfml-system.2.5.1.dylib */,
			);
			name = Frameworks;
			sourceTree = "<group>";
		};
/* End PBXGroup section */

/* Begin PBXNativeTarget section */
		9469D99023E13C6D00B4CEDE /* luk-pong */ = {
			isa = PBXNativeTarget;
			buildConfigurationList = 9469D99823E13C6D00B4CEDE /* Build configuration list for PBXNativeTarget "luk-pong" */;
			buildPhases = (
				9469D98D23E13C6D00B4CEDE /* Sources */,
				9469D98E23E13C6D00B4CEDE /* Frameworks */,
				9469D98F23E13C6D00B4CEDE /* CopyFiles */,
			);
			buildRules = (
			);
			dependencies = (
			);
			name = "luk-pong";
			productName = "luk-pong";
			productReference = 9469D99123E13C6D00B4CEDE /* luk-pong */;
			productType = "com.apple.product-type.tool";
		};
/* End PBXNativeTarget section */

/* Begin PBXProject section */
		9469D98923E13C6D00B4CEDE /* Project object */ = {
			isa = PBXProject;
			attributes = {
				LastUpgradeCheck = 1100;
				ORGANIZATIONNAME = "Meg Tuason";
				TargetAttributes = {
					9469D99023E13C6D00B4CEDE = {
						CreatedOnToolsVersion = 11.0;
					};
				};
			};
			buildConfigurationList = 9469D98C23E13C6D00B4CEDE /* Build configuration list for PBXProject "luk-pong" */;
			compatibilityVersion = "Xcode 9.3";
			developmentRegion = en;
			hasScannedForEncodings = 0;
			knownRegions = (
				en,
				Base,
			);
			mainGroup = 9469D98823E13C6D00B4CEDE;
			productRefGroup = 9469D99223E13C6D00B4CEDE /* Products */;
			projectDirPath = "";
			projectRoot = "";
			targets = (
				9469D99023E13C6D00B4CEDE /* luk-pong */,
			);
		};
/* End PBXProject section */

/* Begin PBXSourcesBuildPhase section */
		9469D98D23E13C6D00B4CEDE /* Sources */ = {
			isa = PBXSourcesBuildPhase;
			buildActionMask = 2147483647;
			files = (
				9469D99523E13C6D00B4CEDE /* main.cpp in Sources */,
			);
			runOnlyForDeploymentPostprocessing = 0;
		};
/* End PBXSourcesBuildPhase section */

/* Begin XCBuildConfiguration section */
		9469D99623E13C6D00B4CEDE /* Debug */ = {
			isa = XCBuildConfiguration;
			buildSettings = {
				ALWAYS_SEARCH_USER_PATHS = NO;
				CLANG_ANALYZER_NONNULL = YES;
				CLANG_ANALYZER_NUMBER_OBJECT_CONVERSION = YES_AGGRESSIVE;
				CLANG_CXX_LANGUAGE_STANDARD = "gnu++14";
				CLANG_CXX_LIBRARY = "libc++";
				CLANG_ENABLE_MODULES = YES;
				CLANG_ENABLE_OBJC_ARC = YES;
				CLANG_ENABLE_OBJC_WEAK = YES;
				CLANG_WARN_BLOCK_CAPTURE_AUTORELEASING = YES;
				CLANG_WARN_BOOL_CONVERSION = YES;
				CLANG_WARN_COMMA = YES;
				CLANG_WARN_CONSTANT_CONVERSION = YES;
				CLANG_WARN_DEPRECATED_OBJC_IMPLEMENTATIONS = YES;
				CLANG_WARN_DIRECT_OBJC_ISA_USAGE = YES_ERROR;
				CLANG_WARN_DOCUMENTATION_COMMENTS = YES;
				CLANG_WARN_EMPTY_BODY = YES;
				CLANG_WARN_ENUM_CONVERSION = YES;
				CLANG_WARN_INFINITE_RECURSION = YES;
				CLANG_WARN_INT_CONVERSION = YES;
				CLANG_WARN_NON_LITERAL_NULL_CONVERSION = YES;
				CLANG_WARN_OBJC_IMPLICIT_RETAIN_SELF = YES;
				CLANG_WARN_OBJC_LITERAL_CONVERSION = YES;
				CLANG_WARN_OBJC_ROOT_CLASS = YES_ERROR;
				CLANG_WARN_RANGE_LOOP_ANALYSIS = YES;
				CLANG_WARN_STRICT_PROTOTYPES = YES;
				CLANG_WARN_SUSPICIOUS_MOVE = YES;
				CLANG_WARN_UNGUARDED_AVAILABILITY = YES_AGGRESSIVE;
				CLANG_WARN_UNREACHABLE_CODE = YES;
				CLANG_WARN__DUPLICATE_METHOD_MATCH = YES;
				COPY_PHASE_STRIP = NO;
				DEBUG_INFORMATION_FORMAT = dwarf;
				ENABLE_STRICT_OBJC_MSGSEND = YES;
				ENABLE_TESTABILITY = YES;
				GCC_C_LANGUAGE_STANDARD = gnu11;
				GCC_DYNAMIC_NO_PIC = NO;
				GCC_NO_COMMON_BLOCKS = YES;
				GCC_OPTIMIZATION_LEVEL = 0;
				GCC_PREPROCESSOR_DEFINITIONS = (
					"DEBUG=1",
					"$(inherited)",
				);
				GCC_WARN_64_TO_32_BIT_CONVERSION = YES;
				GCC_WARN_ABOUT_RETURN_TYPE = YES_ERROR;
				GCC_WARN_UNDECLARED_SELECTOR = YES;
				GCC_WARN_UNINITIALIZED_AUTOS = YES_AGGRESSIVE;
				GCC_WARN_UNUSED_FUNCTION = YES;
				GCC_WARN_UNUSED_VARIABLE = YES;
				MACOSX_DEPLOYMENT_TARGET = 10.14;
				MTL_ENABLE_DEBUG_INFO = INCLUDE_SOURCE;
				MTL_FAST_MATH = YES;
				ONLY_ACTIVE_ARCH = YES;
				SDKROOT = macosx;
			};
			name = Debug;
		};
		9469D99723E13C6D00B4CEDE /* Release */ = {
			isa = XCBuildConfiguration;
			buildSettings = {
				ALWAYS_SEARCH_USER_PATHS = NO;
				CLANG_ANALYZER_NONNULL = YES;
				CLANG_ANALYZER_NUMBER_OBJECT_CONVERSION = YES_AGGRESSIVE;
				CLANG_CXX_LANGUAGE_STANDARD = "gnu++14";
				CLANG_CXX_LIBRARY = "libc++";
				CLANG_ENABLE_MODULES = YES;
				CLANG_ENABLE_OBJC_ARC = YES;
				CLANG_ENABLE_OBJC_WEAK = YES;
				CLANG_WARN_BLOCK_CAPTURE_AUTORELEASING = YES;
				CLANG_WARN_BOOL_CONVERSION = YES;
				CLANG_WARN_COMMA = YES;
				CLANG_WARN_CONSTANT_CONVERSION = YES;
				CLANG_WARN_DEPRECATED_OBJC_IMPLEMENTATIONS = YES;
				CLANG_WARN_DIRECT_OBJC_ISA_USAGE = YES_ERROR;
				CLANG_WARN_DOCUMENTATION_COMMENTS = YES;
				CLANG_WARN_EMPTY_BODY = YES;
				CLANG_WARN_ENUM_CONVERSION = YES;
				CLANG_WARN_INFINITE_RECURSION = YES;
				CLANG_WARN_INT_CONVERSION = YES;
				CLANG_WARN_NON_LITERAL_NULL_CONVERSION = YES;
				CLANG_WARN_OBJC_IMPLICIT_RETAIN_SELF = YES;
				CLANG_WARN_OBJC_LITERAL_CONVERSION = YES;
				CLANG_WARN_OBJC_ROOT_CLASS = YES_ERROR;
				CLANG_WARN_RANGE_LOOP_ANALYSIS = YES;
				CLANG_WARN_STRICT_PROTOTYPES = YES;
				CLANG_WARN_SUSPICIOUS_MOVE = YES;
				CLANG_WARN_UNGUARDED_AVAILABILITY = YES_AGGRESSIVE;
				CLANG_WARN_UNREACHABLE_CODE = YES;
				CLANG_WARN__DUPLICATE_METHOD_MATCH = YES;
				COPY_PHASE_STRIP = NO;
				DEBUG_INFORMATION_FORMAT = "dwarf-with-dsym";
				ENABLE_NS_ASSERTIONS = NO;
				ENABLE_STRICT_OBJC_MSGSEND = YES;
				GCC_C_LANGUAGE_STANDARD = gnu11;
				GCC_NO_COMMON_BLOCKS = YES;
				GCC_WARN_64_TO_32_BIT_CONVERSION = YES;
				GCC_WARN_ABOUT_RETURN_TYPE = YES_ERROR;
				GCC_WARN_UNDECLARED_SELECTOR = YES;
				GCC_WARN_UNINITIALIZED_AUTOS = YES_AGGRESSIVE;
				GCC_WARN_UNUSED_FUNCTION = YES;
				GCC_WARN_UNUSED_VARIABLE = YES;
				MACOSX_DEPLOYMENT_TARGET = 10.14;
				MTL_ENABLE_DEBUG_INFO = NO;
				MTL_FAST_MATH = YES;
				SDKROOT = macosx;
			};
			name = Release;
		};
		9469D99923E13C6D00B4CEDE /* Debug */ = {
			isa = XCBuildConfiguration;
			buildSettings = {
				CODE_SIGN_STYLE = Automatic;
				HEADER_SEARCH_PATHS = (
					/usr/local/sfml/cellar/sfml/2.5.1/include,
					"${SRCROOT}/extlib/SFML/include",
				);
				LIBRARY_SEARCH_PATHS = (
					"$(inherited)",
					"$(PROJECT_DIR)/extlib/SFML/lib",
				);
				PRODUCT_NAME = "$(TARGET_NAME)";
			};
			name = Debug;
		};
		9469D99A23E13C6D00B4CEDE /* Release */ = {
			isa = XCBuildConfiguration;
			buildSettings = {
				CODE_SIGN_STYLE = Automatic;
				HEADER_SEARCH_PATHS = (
					/usr/local/sfml/cellar/sfml/2.5.1/include,
					"${SRCROOT}/extlib/SFML/include",
				);
				LIBRARY_SEARCH_PATHS = (
					"$(inherited)",
					"$(PROJECT_DIR)/extlib/SFML/lib",
				);
				PRODUCT_NAME = "$(TARGET_NAME)";
			};
			name = Release;
		};
/* End XCBuildConfiguration section */

/* Begin XCConfigurationList section */
		9469D98C23E13C6D00B4CEDE /* Build configuration list for PBXProject "luk-pong" */ = {
			isa = XCConfigurationList;
			buildConfigurations = (
				9469D99623E13C6D00B4CEDE /* Debug */,
				9469D99723E13C6D00B4CEDE /* Release */,
			);
			defaultConfigurationIsVisible = 0;
			defaultConfigurationName = Release;
		};
		9469D99823E13C6D00B4CEDE /* Build configuration list for PBXNativeTarget "luk-pong" */ = {
			isa = XCConfigurationList;
			buildConfigurations = (
				9469D99923E13C6D00B4CEDE /* Debug */,
				9469D99A23E13C6D00B4CEDE /* Release */,
			);
			defaultConfigurationIsVisible = 0;
			defaultConfigurationName = Release;
		};
/* End XCConfigurationList section */
	};
	rootObject = 9469D98923E13C6D00B4CEDE /* Project object */;
}
