// !$*UTF8*$!
{
	archiveVersion = 1;
	classes = {
	};
	objectVersion = 50;
	objects = {

/* Begin PBXBuildFile section */
		94C4F8AE23967FD200195DDE /* main.cpp in Sources */ = {isa = PBXBuildFile; fileRef = 94C4F8AD23967FD200195DDE /* main.cpp */; };
		94C4F8BA2396803B00195DDE /* libsfml-window.2.5.1.dylib in Frameworks */ = {isa = PBXBuildFile; fileRef = 94C4F8B52396803B00195DDE /* libsfml-window.2.5.1.dylib */; };
		94C4F8BB2396803B00195DDE /* libsfml-network.2.5.1.dylib in Frameworks */ = {isa = PBXBuildFile; fileRef = 94C4F8B62396803B00195DDE /* libsfml-network.2.5.1.dylib */; };
		94C4F8BC2396803B00195DDE /* libsfml-audio.2.5.1.dylib in Frameworks */ = {isa = PBXBuildFile; fileRef = 94C4F8B72396803B00195DDE /* libsfml-audio.2.5.1.dylib */; };
		94C4F8BD2396803B00195DDE /* libsfml-graphics.2.5.1.dylib in Frameworks */ = {isa = PBXBuildFile; fileRef = 94C4F8B82396803B00195DDE /* libsfml-graphics.2.5.1.dylib */; };
		94C4F8BE2396803B00195DDE /* libsfml-system.2.5.1.dylib in Frameworks */ = {isa = PBXBuildFile; fileRef = 94C4F8B92396803B00195DDE /* libsfml-system.2.5.1.dylib */; };
/* End PBXBuildFile section */

/* Begin PBXCopyFilesBuildPhase section */
		94C4F8A823967FD200195DDE /* CopyFiles */ = {
			isa = PBXCopyFilesBuildPhase;
			buildActionMask = 2147483647;
			dstPath = /usr/share/man/man1/;
			dstSubfolderSpec = 0;
			files = (
			);
			runOnlyForDeploymentPostprocessing = 1;
		};
/* End PBXCopyFilesBuildPhase section */

/* Begin PBXFileReference section */
		94C4F8AA23967FD200195DDE /* space */ = {isa = PBXFileReference; explicitFileType = "compiled.mach-o.executable"; includeInIndex = 0; path = space; sourceTree = BUILT_PRODUCTS_DIR; };
		94C4F8AD23967FD200195DDE /* main.cpp */ = {isa = PBXFileReference; lastKnownFileType = sourcecode.cpp.cpp; path = main.cpp; sourceTree = "<group>"; };
		94C4F8B52396803B00195DDE /* libsfml-window.2.5.1.dylib */ = {isa = PBXFileReference; lastKnownFileType = "compiled.mach-o.dylib"; name = "libsfml-window.2.5.1.dylib"; path = "extlib/SFML/lib/libsfml-window.2.5.1.dylib"; sourceTree = "<group>"; };
		94C4F8B62396803B00195DDE /* libsfml-network.2.5.1.dylib */ = {isa = PBXFileReference; lastKnownFileType = "compiled.mach-o.dylib"; name = "libsfml-network.2.5.1.dylib"; path = "extlib/SFML/lib/libsfml-network.2.5.1.dylib"; sourceTree = "<group>"; };
		94C4F8B72396803B00195DDE /* libsfml-audio.2.5.1.dylib */ = {isa = PBXFileReference; lastKnownFileType = "compiled.mach-o.dylib"; name = "libsfml-audio.2.5.1.dylib"; path = "extlib/SFML/lib/libsfml-audio.2.5.1.dylib"; sourceTree = "<group>"; };
		94C4F8B82396803B00195DDE /* libsfml-graphics.2.5.1.dylib */ = {isa = PBXFileReference; lastKnownFileType = "compiled.mach-o.dylib"; name = "libsfml-graphics.2.5.1.dylib"; path = "extlib/SFML/lib/libsfml-graphics.2.5.1.dylib"; sourceTree = "<group>"; };
		94C4F8B92396803B00195DDE /* libsfml-system.2.5.1.dylib */ = {isa = PBXFileReference; lastKnownFileType = "compiled.mach-o.dylib"; name = "libsfml-system.2.5.1.dylib"; path = "extlib/SFML/lib/libsfml-system.2.5.1.dylib"; sourceTree = "<group>"; };
/* End PBXFileReference section */

/* Begin PBXFrameworksBuildPhase section */
		94C4F8A723967FD200195DDE /* Frameworks */ = {
			isa = PBXFrameworksBuildPhase;
			buildActionMask = 2147483647;
			files = (
				94C4F8BA2396803B00195DDE /* libsfml-window.2.5.1.dylib in Frameworks */,
				94C4F8BB2396803B00195DDE /* libsfml-network.2.5.1.dylib in Frameworks */,
				94C4F8BC2396803B00195DDE /* libsfml-audio.2.5.1.dylib in Frameworks */,
				94C4F8BD2396803B00195DDE /* libsfml-graphics.2.5.1.dylib in Frameworks */,
				94C4F8BE2396803B00195DDE /* libsfml-system.2.5.1.dylib in Frameworks */,
			);
			runOnlyForDeploymentPostprocessing = 0;
		};
/* End PBXFrameworksBuildPhase section */

/* Begin PBXGroup section */
		94C4F8A123967FD200195DDE = {
			isa = PBXGroup;
			children = (
				94C4F8AC23967FD200195DDE /* space */,
				94C4F8AB23967FD200195DDE /* Products */,
				94C4F8B42396803B00195DDE /* Frameworks */,
			);
			sourceTree = "<group>";
		};
		94C4F8AB23967FD200195DDE /* Products */ = {
			isa = PBXGroup;
			children = (
				94C4F8AA23967FD200195DDE /* space */,
			);
			name = Products;
			sourceTree = "<group>";
		};
		94C4F8AC23967FD200195DDE /* space */ = {
			isa = PBXGroup;
			children = (
				94C4F8AD23967FD200195DDE /* main.cpp */,
			);
			path = space;
			sourceTree = "<group>";
		};
		94C4F8B42396803B00195DDE /* Frameworks */ = {
			isa = PBXGroup;
			children = (
				94C4F8B72396803B00195DDE /* libsfml-audio.2.5.1.dylib */,
				94C4F8B82396803B00195DDE /* libsfml-graphics.2.5.1.dylib */,
				94C4F8B62396803B00195DDE /* libsfml-network.2.5.1.dylib */,
				94C4F8B92396803B00195DDE /* libsfml-system.2.5.1.dylib */,
				94C4F8B52396803B00195DDE /* libsfml-window.2.5.1.dylib */,
			);
			name = Frameworks;
			sourceTree = "<group>";
		};
/* End PBXGroup section */

/* Begin PBXNativeTarget section */
		94C4F8A923967FD200195DDE /* space */ = {
			isa = PBXNativeTarget;
			buildConfigurationList = 94C4F8B123967FD200195DDE /* Build configuration list for PBXNativeTarget "space" */;
			buildPhases = (
				94C4F8A623967FD200195DDE /* Sources */,
				94C4F8A723967FD200195DDE /* Frameworks */,
				94C4F8A823967FD200195DDE /* CopyFiles */,
			);
			buildRules = (
			);
			dependencies = (
			);
			name = space;
			productName = space;
			productReference = 94C4F8AA23967FD200195DDE /* space */;
			productType = "com.apple.product-type.tool";
		};
/* End PBXNativeTarget section */

/* Begin PBXProject section */
		94C4F8A223967FD200195DDE /* Project object */ = {
			isa = PBXProject;
			attributes = {
				LastUpgradeCheck = 1100;
				ORGANIZATIONNAME = "Meg Tuason";
				TargetAttributes = {
					94C4F8A923967FD200195DDE = {
						CreatedOnToolsVersion = 11.0;
					};
				};
			};
			buildConfigurationList = 94C4F8A523967FD200195DDE /* Build configuration list for PBXProject "space" */;
			compatibilityVersion = "Xcode 9.3";
			developmentRegion = en;
			hasScannedForEncodings = 0;
			knownRegions = (
				en,
				Base,
			);
			mainGroup = 94C4F8A123967FD200195DDE;
			productRefGroup = 94C4F8AB23967FD200195DDE /* Products */;
			projectDirPath = "";
			projectRoot = "";
			targets = (
				94C4F8A923967FD200195DDE /* space */,
			);
		};
/* End PBXProject section */

/* Begin PBXSourcesBuildPhase section */
		94C4F8A623967FD200195DDE /* Sources */ = {
			isa = PBXSourcesBuildPhase;
			buildActionMask = 2147483647;
			files = (
				94C4F8AE23967FD200195DDE /* main.cpp in Sources */,
			);
			runOnlyForDeploymentPostprocessing = 0;
		};
/* End PBXSourcesBuildPhase section */

/* Begin XCBuildConfiguration section */
		94C4F8AF23967FD200195DDE /* Debug */ = {
			isa = XCBuildConfiguration;
			buildSettings = {
				ALWAYS_SEARCH_USER_PATHS = NO;
				CLANG_ANALYZER_NONNULL = YES;
				CLANG_ANALYZER_NUMBER_OBJECT_CONVERSION = YES_AGGRESSIVE;
				CLANG_CXX_LANGUAGE_STANDARD = "gnu++14";
				CLANG_CXX_LIBRARY = "libc++";
				CLANG_ENABLE_MODULES = YES;
				CLANG_ENABLE_OBJC_ARC = YES;
				CLANG_ENABLE_OBJC_WEAK = YES;
				CLANG_WARN_BLOCK_CAPTURE_AUTORELEASING = YES;
				CLANG_WARN_BOOL_CONVERSION = YES;
				CLANG_WARN_COMMA = YES;
				CLANG_WARN_CONSTANT_CONVERSION = YES;
				CLANG_WARN_DEPRECATED_OBJC_IMPLEMENTATIONS = YES;
				CLANG_WARN_DIRECT_OBJC_ISA_USAGE = YES_ERROR;
				CLANG_WARN_DOCUMENTATION_COMMENTS = YES;
				CLANG_WARN_EMPTY_BODY = YES;
				CLANG_WARN_ENUM_CONVERSION = YES;
				CLANG_WARN_INFINITE_RECURSION = YES;
				CLANG_WARN_INT_CONVERSION = YES;
				CLANG_WARN_NON_LITERAL_NULL_CONVERSION = YES;
				CLANG_WARN_OBJC_IMPLICIT_RETAIN_SELF = YES;
				CLANG_WARN_OBJC_LITERAL_CONVERSION = YES;
				CLANG_WARN_OBJC_ROOT_CLASS = YES_ERROR;
				CLANG_WARN_RANGE_LOOP_ANALYSIS = YES;
				CLANG_WARN_STRICT_PROTOTYPES = YES;
				CLANG_WARN_SUSPICIOUS_MOVE = YES;
				CLANG_WARN_UNGUARDED_AVAILABILITY = YES_AGGRESSIVE;
				CLANG_WARN_UNREACHABLE_CODE = YES;
				CLANG_WARN__DUPLICATE_METHOD_MATCH = YES;
				COPY_PHASE_STRIP = NO;
				DEBUG_INFORMATION_FORMAT = dwarf;
				ENABLE_STRICT_OBJC_MSGSEND = YES;
				ENABLE_TESTABILITY = YES;
				GCC_C_LANGUAGE_STANDARD = gnu11;
				GCC_DYNAMIC_NO_PIC = NO;
				GCC_NO_COMMON_BLOCKS = YES;
				GCC_OPTIMIZATION_LEVEL = 0;
				GCC_PREPROCESSOR_DEFINITIONS = (
					"DEBUG=1",
					"$(inherited)",
				);
				GCC_WARN_64_TO_32_BIT_CONVERSION = YES;
				GCC_WARN_ABOUT_RETURN_TYPE = YES_ERROR;
				GCC_WARN_UNDECLARED_SELECTOR = YES;
				GCC_WARN_UNINITIALIZED_AUTOS = YES_AGGRESSIVE;
				GCC_WARN_UNUSED_FUNCTION = YES;
				GCC_WARN_UNUSED_VARIABLE = YES;
				MACOSX_DEPLOYMENT_TARGET = 10.14;
				MTL_ENABLE_DEBUG_INFO = INCLUDE_SOURCE;
				MTL_FAST_MATH = YES;
				ONLY_ACTIVE_ARCH = YES;
				SDKROOT = macosx;
			};
			name = Debug;
		};
		94C4F8B023967FD200195DDE /* Release */ = {
			isa = XCBuildConfiguration;
			buildSettings = {
				ALWAYS_SEARCH_USER_PATHS = NO;
				CLANG_ANALYZER_NONNULL = YES;
				CLANG_ANALYZER_NUMBER_OBJECT_CONVERSION = YES_AGGRESSIVE;
				CLANG_CXX_LANGUAGE_STANDARD = "gnu++14";
				CLANG_CXX_LIBRARY = "libc++";
				CLANG_ENABLE_MODULES = YES;
				CLANG_ENABLE_OBJC_ARC = YES;
				CLANG_ENABLE_OBJC_WEAK = YES;
				CLANG_WARN_BLOCK_CAPTURE_AUTORELEASING = YES;
				CLANG_WARN_BOOL_CONVERSION = YES;
				CLANG_WARN_COMMA = YES;
				CLANG_WARN_CONSTANT_CONVERSION = YES;
				CLANG_WARN_DEPRECATED_OBJC_IMPLEMENTATIONS = YES;
				CLANG_WARN_DIRECT_OBJC_ISA_USAGE = YES_ERROR;
				CLANG_WARN_DOCUMENTATION_COMMENTS = YES;
				CLANG_WARN_EMPTY_BODY = YES;
				CLANG_WARN_ENUM_CONVERSION = YES;
				CLANG_WARN_INFINITE_RECURSION = YES;
				CLANG_WARN_INT_CONVERSION = YES;
				CLANG_WARN_NON_LITERAL_NULL_CONVERSION = YES;
				CLANG_WARN_OBJC_IMPLICIT_RETAIN_SELF = YES;
				CLANG_WARN_OBJC_LITERAL_CONVERSION = YES;
				CLANG_WARN_OBJC_ROOT_CLASS = YES_ERROR;
				CLANG_WARN_RANGE_LOOP_ANALYSIS = YES;
				CLANG_WARN_STRICT_PROTOTYPES = YES;
				CLANG_WARN_SUSPICIOUS_MOVE = YES;
				CLANG_WARN_UNGUARDED_AVAILABILITY = YES_AGGRESSIVE;
				CLANG_WARN_UNREACHABLE_CODE = YES;
				CLANG_WARN__DUPLICATE_METHOD_MATCH = YES;
				COPY_PHASE_STRIP = NO;
				DEBUG_INFORMATION_FORMAT = "dwarf-with-dsym";
				ENABLE_NS_ASSERTIONS = NO;
				ENABLE_STRICT_OBJC_MSGSEND = YES;
				GCC_C_LANGUAGE_STANDARD = gnu11;
				GCC_NO_COMMON_BLOCKS = YES;
				GCC_WARN_64_TO_32_BIT_CONVERSION = YES;
				GCC_WARN_ABOUT_RETURN_TYPE = YES_ERROR;
				GCC_WARN_UNDECLARED_SELECTOR = YES;
				GCC_WARN_UNINITIALIZED_AUTOS = YES_AGGRESSIVE;
				GCC_WARN_UNUSED_FUNCTION = YES;
				GCC_WARN_UNUSED_VARIABLE = YES;
				MACOSX_DEPLOYMENT_TARGET = 10.14;
				MTL_ENABLE_DEBUG_INFO = NO;
				MTL_FAST_MATH = YES;
				SDKROOT = macosx;
			};
			name = Release;
		};
		94C4F8B223967FD200195DDE /* Debug */ = {
			isa = XCBuildConfiguration;
			buildSettings = {
				CODE_SIGN_STYLE = Automatic;
				HEADER_SEARCH_PATHS = (
					/usr/local/sfml/cellar/sfml/2.5.1/,
					"${SRCROOT}/extlib/SFML/include",
				);
				LIBRARY_SEARCH_PATHS = (
					"$(inherited)",
					"$(PROJECT_DIR)/extlib/SFML/lib",
				);
				PRODUCT_NAME = "$(TARGET_NAME)";
			};
			name = Debug;
		};
		94C4F8B323967FD200195DDE /* Release */ = {
			isa = XCBuildConfiguration;
			buildSettings = {
				CODE_SIGN_STYLE = Automatic;
				HEADER_SEARCH_PATHS = (
					/usr/local/sfml/cellar/sfml/2.5.1/,
					"${SRCROOT}/extlib/SFML/include",
				);
				LIBRARY_SEARCH_PATHS = (
					"$(inherited)",
					"$(PROJECT_DIR)/extlib/SFML/lib",
				);
				PRODUCT_NAME = "$(TARGET_NAME)";
			};
			name = Release;
		};
/* End XCBuildConfiguration section */

/* Begin XCConfigurationList section */
		94C4F8A523967FD200195DDE /* Build configuration list for PBXProject "space" */ = {
			isa = XCConfigurationList;
			buildConfigurations = (
				94C4F8AF23967FD200195DDE /* Debug */,
				94C4F8B023967FD200195DDE /* Release */,
			);
			defaultConfigurationIsVisible = 0;
			defaultConfigurationName = Release;
		};
		94C4F8B123967FD200195DDE /* Build configuration list for PBXNativeTarget "space" */ = {
			isa = XCConfigurationList;
			buildConfigurations = (
				94C4F8B223967FD200195DDE /* Debug */,
				94C4F8B323967FD200195DDE /* Release */,
			);
			defaultConfigurationIsVisible = 0;
			defaultConfigurationName = Release;
		};
/* End XCConfigurationList section */
	};
	rootObject = 94C4F8A223967FD200195DDE /* Project object */;
}
